
Microsoft Visual Studio Solution File, Format Version 12.00
# Visual Studio 14
VisualStudioVersion = 14.0.25420.1
MinimumVisualStudioVersion = 10.0.40219.1
Project("{2150E333-8FDC-42A3-9474-1A3956D46DE8}") = "src", "src", "{A00D2422-3A09-497E-854D-F63042D116F9}"
EndProject
Project("{2150E333-8FDC-42A3-9474-1A3956D46DE8}") = "Solution Items", "Solution Items", "{89B4C3B0-ABFD-46B8-BDE9-004E722202C6}"
	ProjectSection(SolutionItems) = preProject
		global.json = global.json
	EndProjectSection
EndProject
Project("{8BB2217D-0F2D-49D1-97BC-3654ED321F3B}") = "PooriaMonfaredClientSample.Web", "src\PooriaMonfaredClientSample.Web\PooriaMonfaredClientSample.Web.xproj", "{0B0DB6D7-9F72-4D70-AFF5-65304FF65922}"
EndProject
Global
	GlobalSection(SolutionConfigurationPlatforms) = preSolution
		Debug|Any CPU = Debug|Any CPU
		Release|Any CPU = Release|Any CPU
	EndGlobalSection
	GlobalSection(ProjectConfigurationPlatforms) = postSolution
		{0B0DB6D7-9F72-4D70-AFF5-65304FF65922}.Debug|Any CPU.ActiveCfg = Debug|Any CPU
		{0B0DB6D7-9F72-4D70-AFF5-65304FF65922}.Debug|Any CPU.Build.0 = Debug|Any CPU
		{0B0DB6D7-9F72-4D70-AFF5-65304FF65922}.Release|Any CPU.ActiveCfg = Release|Any CPU
		{0B0DB6D7-9F72-4D70-AFF5-65304FF65922}.Release|Any CPU.Build.0 = Release|Any CPU
	EndGlobalSection
	GlobalSection(SolutionProperties) = preSolution
		HideSolutionNode = FALSE
	EndGlobalSection
	GlobalSection(NestedProjects) = preSolution
		{0B0DB6D7-9F72-4D70-AFF5-65304FF65922} = {A00D2422-3A09-497E-854D-F63042D116F9}
	EndGlobalSection
EndGlobal
